
Microsoft Visual Studio Solution File, Format Version 12.00
# Visual Studio Version 16
VisualStudioVersion = 16.0.31613.86
MinimumVisualStudioVersion = 10.0.40219.1
Project("{FAE04EC0-301F-11D3-BF4B-00C04F79EFBC}") = "TopicTwisterService", "TopicTwisterService\TopicTwisterService.csproj", "{61FC3ED2-8E23-4F36-BE90-1194ACC85BEB}"
EndProject
Project("{FAE04EC0-301F-11D3-BF4B-00C04F79EFBC}") = "TopicTwisterServiceTest", "TopicTwisterServiceTest\TopicTwisterServiceTest.csproj", "{E257A169-1AAA-4C4F-A491-6B65A989EDA2}"
EndProject
Global
	GlobalSection(SolutionConfigurationPlatforms) = preSolution
		Debug|Any CPU = Debug|Any CPU
		Release|Any CPU = Release|Any CPU
	EndGlobalSection
	GlobalSection(ProjectConfigurationPlatforms) = postSolution
		{61FC3ED2-8E23-4F36-BE90-1194ACC85BEB}.Debug|Any CPU.ActiveCfg = Debug|Any CPU
		{61FC3ED2-8E23-4F36-BE90-1194ACC85BEB}.Debug|Any CPU.Build.0 = Debug|Any CPU
		{61FC3ED2-8E23-4F36-BE90-1194ACC85BEB}.Release|Any CPU.ActiveCfg = Release|Any CPU
		{61FC3ED2-8E23-4F36-BE90-1194ACC85BEB}.Release|Any CPU.Build.0 = Release|Any CPU
		{E257A169-1AAA-4C4F-A491-6B65A989EDA2}.Debug|Any CPU.ActiveCfg = Debug|Any CPU
		{E257A169-1AAA-4C4F-A491-6B65A989EDA2}.Debug|Any CPU.Build.0 = Debug|Any CPU
		{E257A169-1AAA-4C4F-A491-6B65A989EDA2}.Release|Any CPU.ActiveCfg = Release|Any CPU
		{E257A169-1AAA-4C4F-A491-6B65A989EDA2}.Release|Any CPU.Build.0 = Release|Any CPU
	EndGlobalSection
	GlobalSection(SolutionProperties) = preSolution
		HideSolutionNode = FALSE
	EndGlobalSection
	GlobalSection(ExtensibilityGlobals) = postSolution
		SolutionGuid = {4614FB87-2A59-4F0F-BE08-8528D5D59EF8}
	EndGlobalSection
EndGlobal
